
Microsoft Visual Studio Solution File, Format Version 12.00
# Visual Studio Version 17
VisualStudioVersion = 17.0.31903.59
MinimumVisualStudioVersion = 10.0.40219.1
Project("{FAE04EC0-301F-11D3-BF4B-00C04F79EFBC}") = "HelloWorld", "HelloWorld\HelloWorld.csproj", "{2F8DFDAC-DEB3-452A-8C10-A71AFF84D356}"
EndProject
Project("{FAE04EC0-301F-11D3-BF4B-00C04F79EFBC}") = "Multithreading", "Multithreading\Multithreading.csproj", "{0E3A114C-4448-4E92-981A-3C4F0CB3B736}"
EndProject
Project("{FAE04EC0-301F-11D3-BF4B-00C04F79EFBC}") = "DesignPatterns", "DesignPatterns\DesignPatterns.csproj", "{2D5082BF-393A-432D-BC78-58123C905181}"
EndProject
Global
	GlobalSection(SolutionConfigurationPlatforms) = preSolution
		Debug|Any CPU = Debug|Any CPU
		Release|Any CPU = Release|Any CPU
	EndGlobalSection
	GlobalSection(SolutionProperties) = preSolution
		HideSolutionNode = FALSE
	EndGlobalSection
	GlobalSection(ProjectConfigurationPlatforms) = postSolution
		{2F8DFDAC-DEB3-452A-8C10-A71AFF84D356}.Debug|Any CPU.ActiveCfg = Debug|Any CPU
		{2F8DFDAC-DEB3-452A-8C10-A71AFF84D356}.Debug|Any CPU.Build.0 = Debug|Any CPU
		{2F8DFDAC-DEB3-452A-8C10-A71AFF84D356}.Release|Any CPU.ActiveCfg = Release|Any CPU
		{2F8DFDAC-DEB3-452A-8C10-A71AFF84D356}.Release|Any CPU.Build.0 = Release|Any CPU
		{0E3A114C-4448-4E92-981A-3C4F0CB3B736}.Debug|Any CPU.ActiveCfg = Debug|Any CPU
		{0E3A114C-4448-4E92-981A-3C4F0CB3B736}.Debug|Any CPU.Build.0 = Debug|Any CPU
		{0E3A114C-4448-4E92-981A-3C4F0CB3B736}.Release|Any CPU.ActiveCfg = Release|Any CPU
		{0E3A114C-4448-4E92-981A-3C4F0CB3B736}.Release|Any CPU.Build.0 = Release|Any CPU
		{2D5082BF-393A-432D-BC78-58123C905181}.Debug|Any CPU.ActiveCfg = Debug|Any CPU
		{2D5082BF-393A-432D-BC78-58123C905181}.Debug|Any CPU.Build.0 = Debug|Any CPU
		{2D5082BF-393A-432D-BC78-58123C905181}.Release|Any CPU.ActiveCfg = Release|Any CPU
		{2D5082BF-393A-432D-BC78-58123C905181}.Release|Any CPU.Build.0 = Release|Any CPU
	EndGlobalSection
EndGlobal
